// !$*UTF8*$!
{
	archiveVersion = 1;
	classes = {
	};
	objectVersion = 56;
	objects = {

/* Begin PBXBuildFile section */
		510952872D98301C00951EE7 /* DustListView.framework in Frameworks */ = {isa = PBXBuildFile; fileRef = 510952862D98301C00951EE7 /* DustListView.framework */; };
		510952882D98301C00951EE7 /* DustListView.framework in Embed Frameworks */ = {isa = PBXBuildFile; fileRef = 510952862D98301C00951EE7 /* DustListView.framework */; settings = {ATTRIBUTES = (CodeSignOnCopy, RemoveHeadersOnCopy, ); }; };
		511F71BE2D7C298000503E07 /* AppDelegate.swift in Sources */ = {isa = PBXBuildFile; fileRef = 511F71BD2D7C298000503E07 /* AppDelegate.swift */; };
		511F71C02D7C298000503E07 /* SceneDelegate.swift in Sources */ = {isa = PBXBuildFile; fileRef = 511F71BF2D7C298000503E07 /* SceneDelegate.swift */; };
		511F71C72D7C298500503E07 /* Assets.xcassets in Resources */ = {isa = PBXBuildFile; fileRef = 511F71C62D7C298500503E07 /* Assets.xcassets */; };
		511F71CA2D7C298500503E07 /* LaunchScreen.storyboard in Resources */ = {isa = PBXBuildFile; fileRef = 511F71C82D7C298500503E07 /* LaunchScreen.storyboard */; };
		511F71D22D7C305B00503E07 /* MainSceneBuilder.swift in Sources */ = {isa = PBXBuildFile; fileRef = 511F71D12D7C305B00503E07 /* MainSceneBuilder.swift */; };
		511F71D42D7C310700503E07 /* Routing.swift in Sources */ = {isa = PBXBuildFile; fileRef = 511F71D32D7C310700503E07 /* Routing.swift */; };
		511F71D62D7C317400503E07 /* Builder.swift in Sources */ = {isa = PBXBuildFile; fileRef = 511F71D52D7C317400503E07 /* Builder.swift */; };
		511F71D82D7C318A00503E07 /* ApplicationRootViewModel.swift in Sources */ = {isa = PBXBuildFile; fileRef = 511F71D72D7C318A00503E07 /* ApplicationRootViewModel.swift */; };
		512AD0272DC3A03D0094A914 /* CityDetail.framework in Frameworks */ = {isa = PBXBuildFile; fileRef = 512AD0262DC3A03D0094A914 /* CityDetail.framework */; };
		512AD0282DC3A03D0094A914 /* CityDetail.framework in Embed Frameworks */ = {isa = PBXBuildFile; fileRef = 512AD0262DC3A03D0094A914 /* CityDetail.framework */; settings = {ATTRIBUTES = (CodeSignOnCopy, RemoveHeadersOnCopy, ); }; };
		51775D532D871936000EFBA0 /* Repository.framework in Frameworks */ = {isa = PBXBuildFile; fileRef = 51775D522D871936000EFBA0 /* Repository.framework */; };
		51775D542D871936000EFBA0 /* Repository.framework in Embed Frameworks */ = {isa = PBXBuildFile; fileRef = 51775D522D871936000EFBA0 /* Repository.framework */; settings = {ATTRIBUTES = (CodeSignOnCopy, RemoveHeadersOnCopy, ); }; };
		51775D572D871943000EFBA0 /* Domain.framework in Frameworks */ = {isa = PBXBuildFile; fileRef = 51775D562D871943000EFBA0 /* Domain.framework */; };
		51775D582D871943000EFBA0 /* Domain.framework in Embed Frameworks */ = {isa = PBXBuildFile; fileRef = 51775D562D871943000EFBA0 /* Domain.framework */; settings = {ATTRIBUTES = (CodeSignOnCopy, RemoveHeadersOnCopy, ); }; };
		51775D782D88595B000EFBA0 /* Testing.framework in Frameworks */ = {isa = PBXBuildFile; fileRef = 51775D772D88595B000EFBA0 /* Testing.framework */; };
		51775D792D88595C000EFBA0 /* Testing.framework in Embed Frameworks */ = {isa = PBXBuildFile; fileRef = 51775D772D88595B000EFBA0 /* Testing.framework */; settings = {ATTRIBUTES = (CodeSignOnCopy, RemoveHeadersOnCopy, ); }; };
		5194599D2E4CC4D900046D2C /* Domain.framework in Frameworks */ = {isa = PBXBuildFile; fileRef = 51775D562D871943000EFBA0 /* Domain.framework */; };
		5194599E2E4CC4D900046D2C /* Domain.framework in Embed Frameworks */ = {isa = PBXBuildFile; fileRef = 51775D562D871943000EFBA0 /* Domain.framework */; settings = {ATTRIBUTES = (CodeSignOnCopy, RemoveHeadersOnCopy, ); }; };
		519459A02E4CC4DD00046D2C /* Repository.framework in Frameworks */ = {isa = PBXBuildFile; fileRef = 51775D522D871936000EFBA0 /* Repository.framework */; };
		519459A12E4CC4DD00046D2C /* Repository.framework in Embed Frameworks */ = {isa = PBXBuildFile; fileRef = 51775D522D871936000EFBA0 /* Repository.framework */; settings = {ATTRIBUTES = (CodeSignOnCopy, RemoveHeadersOnCopy, ); }; };
		519459A22E4CC4ED00046D2C /* DustListView.framework in Frameworks */ = {isa = PBXBuildFile; fileRef = 510952862D98301C00951EE7 /* DustListView.framework */; };
		519459A32E4CC4ED00046D2C /* DustListView.framework in Embed Frameworks */ = {isa = PBXBuildFile; fileRef = 510952862D98301C00951EE7 /* DustListView.framework */; settings = {ATTRIBUTES = (CodeSignOnCopy, RemoveHeadersOnCopy, ); }; };
		51D2B3102DAFF83900D3532C /* WidgetKit.framework in Frameworks */ = {isa = PBXBuildFile; fileRef = 51D2B30F2DAFF83900D3532C /* WidgetKit.framework */; };
		51D2B3122DAFF83900D3532C /* SwiftUI.framework in Frameworks */ = {isa = PBXBuildFile; fileRef = 51D2B3112DAFF83900D3532C /* SwiftUI.framework */; };
		51D2B3152DAFF83900D3532C /* MZMZWidzetBundle.swift in Sources */ = {isa = PBXBuildFile; fileRef = 51D2B3142DAFF83900D3532C /* MZMZWidzetBundle.swift */; };
		51D2B3172DAFF83900D3532C /* MZMZWidzetLiveActivity.swift in Sources */ = {isa = PBXBuildFile; fileRef = 51D2B3162DAFF83900D3532C /* MZMZWidzetLiveActivity.swift */; };
		51D2B3192DAFF83900D3532C /* MZMZWidzet.swift in Sources */ = {isa = PBXBuildFile; fileRef = 51D2B3182DAFF83900D3532C /* MZMZWidzet.swift */; };
		51D2B31B2DAFF83C00D3532C /* Assets.xcassets in Resources */ = {isa = PBXBuildFile; fileRef = 51D2B31A2DAFF83C00D3532C /* Assets.xcassets */; };
		51D2B31F2DAFF83C00D3532C /* MZMZWidzetExtension.appex in Embed Foundation Extensions */ = {isa = PBXBuildFile; fileRef = 51D2B30E2DAFF83900D3532C /* MZMZWidzetExtension.appex */; settings = {ATTRIBUTES = (RemoveHeadersOnCopy, ); }; };
		51D2B3602DB54E5C00D3532C /* AddCity.framework in Frameworks */ = {isa = PBXBuildFile; fileRef = 51D2B35F2DB54E5C00D3532C /* AddCity.framework */; };
		51D2B3612DB54E5C00D3532C /* AddCity.framework in Embed Frameworks */ = {isa = PBXBuildFile; fileRef = 51D2B35F2DB54E5C00D3532C /* AddCity.framework */; settings = {ATTRIBUTES = (CodeSignOnCopy, RemoveHeadersOnCopy, ); }; };
		51D2B3652DB550E400D3532C /* Scene.framework in Frameworks */ = {isa = PBXBuildFile; fileRef = 51D2B3642DB550E400D3532C /* Scene.framework */; };
		51D2B3662DB550E400D3532C /* Scene.framework in Embed Frameworks */ = {isa = PBXBuildFile; fileRef = 51D2B3642DB550E400D3532C /* Scene.framework */; settings = {ATTRIBUTES = (CodeSignOnCopy, RemoveHeadersOnCopy, ); }; };
/* End PBXBuildFile section */

/* Begin PBXContainerItemProxy section */
		51D2B31D2DAFF83C00D3532C /* PBXContainerItemProxy */ = {
			isa = PBXContainerItemProxy;
			containerPortal = 511F71B22D7C298000503E07 /* Project object */;
			proxyType = 1;
			remoteGlobalIDString = 51D2B30D2DAFF83900D3532C;
			remoteInfo = MZMZWidzetExtension;
		};
/* End PBXContainerItemProxy section */

/* Begin PBXCopyFilesBuildPhase section */
		51775D552D871937000EFBA0 /* Embed Frameworks */ = {
			isa = PBXCopyFilesBuildPhase;
			buildActionMask = 2147483647;
			dstPath = "";
			dstSubfolderSpec = 10;
			files = (
				51775D582D871943000EFBA0 /* Domain.framework in Embed Frameworks */,
				51D2B3612DB54E5C00D3532C /* AddCity.framework in Embed Frameworks */,
				512AD0282DC3A03D0094A914 /* CityDetail.framework in Embed Frameworks */,
				510952882D98301C00951EE7 /* DustListView.framework in Embed Frameworks */,
				51D2B3662DB550E400D3532C /* Scene.framework in Embed Frameworks */,
				51775D792D88595C000EFBA0 /* Testing.framework in Embed Frameworks */,
				51775D542D871936000EFBA0 /* Repository.framework in Embed Frameworks */,
			);
			name = "Embed Frameworks";
			runOnlyForDeploymentPostprocessing = 0;
		};
		5194599F2E4CC4DA00046D2C /* Embed Frameworks */ = {
			isa = PBXCopyFilesBuildPhase;
			buildActionMask = 2147483647;
			dstPath = "";
			dstSubfolderSpec = 10;
			files = (
				519459A12E4CC4DD00046D2C /* Repository.framework in Embed Frameworks */,
				5194599E2E4CC4D900046D2C /* Domain.framework in Embed Frameworks */,
				519459A32E4CC4ED00046D2C /* DustListView.framework in Embed Frameworks */,
			);
			name = "Embed Frameworks";
			runOnlyForDeploymentPostprocessing = 0;
		};
		51D2B3202DAFF83C00D3532C /* Embed Foundation Extensions */ = {
			isa = PBXCopyFilesBuildPhase;
			buildActionMask = 2147483647;
			dstPath = "";
			dstSubfolderSpec = 13;
			files = (
				51D2B31F2DAFF83C00D3532C /* MZMZWidzetExtension.appex in Embed Foundation Extensions */,
			);
			name = "Embed Foundation Extensions";
			runOnlyForDeploymentPostprocessing = 0;
		};
/* End PBXCopyFilesBuildPhase section */

/* Begin PBXFileReference section */
		510952862D98301C00951EE7 /* DustListView.framework */ = {isa = PBXFileReference; explicitFileType = wrapper.framework; path = DustListView.framework; sourceTree = BUILT_PRODUCTS_DIR; };
		511F71BA2D7C298000503E07 /* MZMZ.app */ = {isa = PBXFileReference; explicitFileType = wrapper.application; includeInIndex = 0; path = MZMZ.app; sourceTree = BUILT_PRODUCTS_DIR; };
		511F71BD2D7C298000503E07 /* AppDelegate.swift */ = {isa = PBXFileReference; lastKnownFileType = sourcecode.swift; path = AppDelegate.swift; sourceTree = "<group>"; };
		511F71BF2D7C298000503E07 /* SceneDelegate.swift */ = {isa = PBXFileReference; lastKnownFileType = sourcecode.swift; path = SceneDelegate.swift; sourceTree = "<group>"; };
		511F71C62D7C298500503E07 /* Assets.xcassets */ = {isa = PBXFileReference; lastKnownFileType = folder.assetcatalog; path = Assets.xcassets; sourceTree = "<group>"; };
		511F71C92D7C298500503E07 /* Base */ = {isa = PBXFileReference; lastKnownFileType = file.storyboard; name = Base; path = Base.lproj/LaunchScreen.storyboard; sourceTree = "<group>"; };
		511F71CB2D7C298500503E07 /* Info.plist */ = {isa = PBXFileReference; lastKnownFileType = text.plist.xml; path = Info.plist; sourceTree = "<group>"; };
		511F71D12D7C305B00503E07 /* MainSceneBuilder.swift */ = {isa = PBXFileReference; lastKnownFileType = sourcecode.swift; path = MainSceneBuilder.swift; sourceTree = "<group>"; };
		511F71D32D7C310700503E07 /* Routing.swift */ = {isa = PBXFileReference; lastKnownFileType = sourcecode.swift; path = Routing.swift; sourceTree = "<group>"; };
		511F71D52D7C317400503E07 /* Builder.swift */ = {isa = PBXFileReference; lastKnownFileType = sourcecode.swift; path = Builder.swift; sourceTree = "<group>"; };
		511F71D72D7C318A00503E07 /* ApplicationRootViewModel.swift */ = {isa = PBXFileReference; lastKnownFileType = sourcecode.swift; path = ApplicationRootViewModel.swift; sourceTree = "<group>"; };
		512AD0262DC3A03D0094A914 /* CityDetail.framework */ = {isa = PBXFileReference; explicitFileType = wrapper.framework; path = CityDetail.framework; sourceTree = BUILT_PRODUCTS_DIR; };
		5166021F2E3A53C5005B9267 /* MZMZWidzetExtension.entitlements */ = {isa = PBXFileReference; lastKnownFileType = text.plist.entitlements; path = MZMZWidzetExtension.entitlements; sourceTree = "<group>"; };
		516602202E3A53DD005B9267 /* MZMZ.entitlements */ = {isa = PBXFileReference; lastKnownFileType = text.plist.entitlements; path = MZMZ.entitlements; sourceTree = "<group>"; };
		51775D522D871936000EFBA0 /* Repository.framework */ = {isa = PBXFileReference; explicitFileType = wrapper.framework; path = Repository.framework; sourceTree = BUILT_PRODUCTS_DIR; };
		51775D562D871943000EFBA0 /* Domain.framework */ = {isa = PBXFileReference; explicitFileType = wrapper.framework; path = Domain.framework; sourceTree = BUILT_PRODUCTS_DIR; };
		51775D772D88595B000EFBA0 /* Testing.framework */ = {isa = PBXFileReference; explicitFileType = wrapper.framework; path = Testing.framework; sourceTree = BUILT_PRODUCTS_DIR; };
		51D2B30E2DAFF83900D3532C /* MZMZWidzetExtension.appex */ = {isa = PBXFileReference; explicitFileType = "wrapper.app-extension"; includeInIndex = 0; path = MZMZWidzetExtension.appex; sourceTree = BUILT_PRODUCTS_DIR; };
		51D2B30F2DAFF83900D3532C /* WidgetKit.framework */ = {isa = PBXFileReference; lastKnownFileType = wrapper.framework; name = WidgetKit.framework; path = System/Library/Frameworks/WidgetKit.framework; sourceTree = SDKROOT; };
		51D2B3112DAFF83900D3532C /* SwiftUI.framework */ = {isa = PBXFileReference; lastKnownFileType = wrapper.framework; name = SwiftUI.framework; path = System/Library/Frameworks/SwiftUI.framework; sourceTree = SDKROOT; };
		51D2B3142DAFF83900D3532C /* MZMZWidzetBundle.swift */ = {isa = PBXFileReference; lastKnownFileType = sourcecode.swift; path = MZMZWidzetBundle.swift; sourceTree = "<group>"; };
		51D2B3162DAFF83900D3532C /* MZMZWidzetLiveActivity.swift */ = {isa = PBXFileReference; lastKnownFileType = sourcecode.swift; path = MZMZWidzetLiveActivity.swift; sourceTree = "<group>"; };
		51D2B3182DAFF83900D3532C /* MZMZWidzet.swift */ = {isa = PBXFileReference; lastKnownFileType = sourcecode.swift; path = MZMZWidzet.swift; sourceTree = "<group>"; };
		51D2B31A2DAFF83C00D3532C /* Assets.xcassets */ = {isa = PBXFileReference; lastKnownFileType = folder.assetcatalog; path = Assets.xcassets; sourceTree = "<group>"; };
		51D2B31C2DAFF83C00D3532C /* Info.plist */ = {isa = PBXFileReference; lastKnownFileType = text.plist.xml; path = Info.plist; sourceTree = "<group>"; };
		51D2B35F2DB54E5C00D3532C /* AddCity.framework */ = {isa = PBXFileReference; explicitFileType = wrapper.framework; path = AddCity.framework; sourceTree = BUILT_PRODUCTS_DIR; };
		51D2B3642DB550E400D3532C /* Scene.framework */ = {isa = PBXFileReference; explicitFileType = wrapper.framework; path = Scene.framework; sourceTree = BUILT_PRODUCTS_DIR; };
/* End PBXFileReference section */

/* Begin PBXFrameworksBuildPhase section */
		511F71B72D7C298000503E07 /* Frameworks */ = {
			isa = PBXFrameworksBuildPhase;
			buildActionMask = 2147483647;
			files = (
				51775D572D871943000EFBA0 /* Domain.framework in Frameworks */,
				51D2B3602DB54E5C00D3532C /* AddCity.framework in Frameworks */,
				512AD0272DC3A03D0094A914 /* CityDetail.framework in Frameworks */,
				510952872D98301C00951EE7 /* DustListView.framework in Frameworks */,
				51D2B3652DB550E400D3532C /* Scene.framework in Frameworks */,
				51775D782D88595B000EFBA0 /* Testing.framework in Frameworks */,
				51775D532D871936000EFBA0 /* Repository.framework in Frameworks */,
			);
			runOnlyForDeploymentPostprocessing = 0;
		};
		51D2B30B2DAFF83900D3532C /* Frameworks */ = {
			isa = PBXFrameworksBuildPhase;
			buildActionMask = 2147483647;
			files = (
				519459A02E4CC4DD00046D2C /* Repository.framework in Frameworks */,
				5194599D2E4CC4D900046D2C /* Domain.framework in Frameworks */,
				51D2B3122DAFF83900D3532C /* SwiftUI.framework in Frameworks */,
				519459A22E4CC4ED00046D2C /* DustListView.framework in Frameworks */,
				51D2B3102DAFF83900D3532C /* WidgetKit.framework in Frameworks */,
			);
			runOnlyForDeploymentPostprocessing = 0;
		};
/* End PBXFrameworksBuildPhase section */

/* Begin PBXGroup section */
		511F71B12D7C298000503E07 = {
			isa = PBXGroup;
			children = (
				5166021F2E3A53C5005B9267 /* MZMZWidzetExtension.entitlements */,
				511F71BC2D7C298000503E07 /* MZMZ */,
				51D2B3132DAFF83900D3532C /* MZMZWidzet */,
				511F71BB2D7C298000503E07 /* Products */,
				51775D512D87192D000EFBA0 /* Frameworks */,
			);
			sourceTree = "<group>";
		};
		511F71BB2D7C298000503E07 /* Products */ = {
			isa = PBXGroup;
			children = (
				511F71BA2D7C298000503E07 /* MZMZ.app */,
				51D2B30E2DAFF83900D3532C /* MZMZWidzetExtension.appex */,
			);
			name = Products;
			sourceTree = "<group>";
		};
		511F71BC2D7C298000503E07 /* MZMZ */ = {
			isa = PBXGroup;
			children = (
				516602202E3A53DD005B9267 /* MZMZ.entitlements */,
				511F71BD2D7C298000503E07 /* AppDelegate.swift */,
				511F71BF2D7C298000503E07 /* SceneDelegate.swift */,
				511F71C62D7C298500503E07 /* Assets.xcassets */,
				511F71C82D7C298500503E07 /* LaunchScreen.storyboard */,
				511F71CB2D7C298500503E07 /* Info.plist */,
				511F71D12D7C305B00503E07 /* MainSceneBuilder.swift */,
				511F71D32D7C310700503E07 /* Routing.swift */,
				511F71D52D7C317400503E07 /* Builder.swift */,
				511F71D72D7C318A00503E07 /* ApplicationRootViewModel.swift */,
			);
			path = MZMZ;
			sourceTree = "<group>";
		};
		51775D512D87192D000EFBA0 /* Frameworks */ = {
			isa = PBXGroup;
			children = (
				512AD0262DC3A03D0094A914 /* CityDetail.framework */,
				51D2B3642DB550E400D3532C /* Scene.framework */,
				51D2B35F2DB54E5C00D3532C /* AddCity.framework */,
				510952862D98301C00951EE7 /* DustListView.framework */,
				51775D772D88595B000EFBA0 /* Testing.framework */,
				51775D562D871943000EFBA0 /* Domain.framework */,
				51775D522D871936000EFBA0 /* Repository.framework */,
				51D2B30F2DAFF83900D3532C /* WidgetKit.framework */,
				51D2B3112DAFF83900D3532C /* SwiftUI.framework */,
			);
			name = Frameworks;
			sourceTree = "<group>";
		};
		51D2B3132DAFF83900D3532C /* MZMZWidzet */ = {
			isa = PBXGroup;
			children = (
				51D2B3142DAFF83900D3532C /* MZMZWidzetBundle.swift */,
				51D2B3162DAFF83900D3532C /* MZMZWidzetLiveActivity.swift */,
				51D2B3182DAFF83900D3532C /* MZMZWidzet.swift */,
				51D2B31A2DAFF83C00D3532C /* Assets.xcassets */,
				51D2B31C2DAFF83C00D3532C /* Info.plist */,
			);
			path = MZMZWidzet;
			sourceTree = "<group>";
		};
/* End PBXGroup section */

/* Begin PBXNativeTarget section */
		511F71B92D7C298000503E07 /* MZMZ */ = {
			isa = PBXNativeTarget;
			buildConfigurationList = 511F71CE2D7C298500503E07 /* Build configuration list for PBXNativeTarget "MZMZ" */;
			buildPhases = (
				511F71B62D7C298000503E07 /* Sources */,
				511F71B72D7C298000503E07 /* Frameworks */,
				511F71B82D7C298000503E07 /* Resources */,
				51775D552D871937000EFBA0 /* Embed Frameworks */,
				51D2B3202DAFF83C00D3532C /* Embed Foundation Extensions */,
			);
			buildRules = (
			);
			dependencies = (
				51D2B31E2DAFF83C00D3532C /* PBXTargetDependency */,
			);
			name = MZMZ;
			productName = MZMZ;
			productReference = 511F71BA2D7C298000503E07 /* MZMZ.app */;
			productType = "com.apple.product-type.application";
		};
		51D2B30D2DAFF83900D3532C /* MZMZWidzetExtension */ = {
			isa = PBXNativeTarget;
			buildConfigurationList = 51D2B3232DAFF83C00D3532C /* Build configuration list for PBXNativeTarget "MZMZWidzetExtension" */;
			buildPhases = (
				51D2B30A2DAFF83900D3532C /* Sources */,
				51D2B30B2DAFF83900D3532C /* Frameworks */,
				51D2B30C2DAFF83900D3532C /* Resources */,
				5194599F2E4CC4DA00046D2C /* Embed Frameworks */,
			);
			buildRules = (
			);
			dependencies = (
			);
			name = MZMZWidzetExtension;
			productName = MZMZWidzetExtension;
			productReference = 51D2B30E2DAFF83900D3532C /* MZMZWidzetExtension.appex */;
			productType = "com.apple.product-type.app-extension";
		};
/* End PBXNativeTarget section */

/* Begin PBXProject section */
		511F71B22D7C298000503E07 /* Project object */ = {
			isa = PBXProject;
			attributes = {
				BuildIndependentTargetsInParallel = 1;
				LastSwiftUpdateCheck = 1520;
				LastUpgradeCheck = 1520;
				TargetAttributes = {
					511F71B92D7C298000503E07 = {
						CreatedOnToolsVersion = 15.2;
					};
					51D2B30D2DAFF83900D3532C = {
						CreatedOnToolsVersion = 15.2;
					};
				};
			};
			buildConfigurationList = 511F71B52D7C298000503E07 /* Build configuration list for PBXProject "MZMZ" */;
			compatibilityVersion = "Xcode 14.0";
			developmentRegion = en;
			hasScannedForEncodings = 0;
			knownRegions = (
				en,
				Base,
			);
			mainGroup = 511F71B12D7C298000503E07;
			productRefGroup = 511F71BB2D7C298000503E07 /* Products */;
			projectDirPath = "";
			projectRoot = "";
			targets = (
				511F71B92D7C298000503E07 /* MZMZ */,
				51D2B30D2DAFF83900D3532C /* MZMZWidzetExtension */,
			);
		};
/* End PBXProject section */

/* Begin PBXResourcesBuildPhase section */
		511F71B82D7C298000503E07 /* Resources */ = {
			isa = PBXResourcesBuildPhase;
			buildActionMask = 2147483647;
			files = (
				511F71CA2D7C298500503E07 /* LaunchScreen.storyboard in Resources */,
				511F71C72D7C298500503E07 /* Assets.xcassets in Resources */,
			);
			runOnlyForDeploymentPostprocessing = 0;
		};
		51D2B30C2DAFF83900D3532C /* Resources */ = {
			isa = PBXResourcesBuildPhase;
			buildActionMask = 2147483647;
			files = (
				51D2B31B2DAFF83C00D3532C /* Assets.xcassets in Resources */,
			);
			runOnlyForDeploymentPostprocessing = 0;
		};
/* End PBXResourcesBuildPhase section */

/* Begin PBXSourcesBuildPhase section */
		511F71B62D7C298000503E07 /* Sources */ = {
			isa = PBXSourcesBuildPhase;
			buildActionMask = 2147483647;
			files = (
				511F71D82D7C318A00503E07 /* ApplicationRootViewModel.swift in Sources */,
				511F71D42D7C310700503E07 /* Routing.swift in Sources */,
				511F71BE2D7C298000503E07 /* AppDelegate.swift in Sources */,
				511F71C02D7C298000503E07 /* SceneDelegate.swift in Sources */,
				511F71D22D7C305B00503E07 /* MainSceneBuilder.swift in Sources */,
				511F71D62D7C317400503E07 /* Builder.swift in Sources */,
			);
			runOnlyForDeploymentPostprocessing = 0;
		};
		51D2B30A2DAFF83900D3532C /* Sources */ = {
			isa = PBXSourcesBuildPhase;
			buildActionMask = 2147483647;
			files = (
				51D2B3152DAFF83900D3532C /* MZMZWidzetBundle.swift in Sources */,
				51D2B3192DAFF83900D3532C /* MZMZWidzet.swift in Sources */,
				51D2B3172DAFF83900D3532C /* MZMZWidzetLiveActivity.swift in Sources */,
			);
			runOnlyForDeploymentPostprocessing = 0;
		};
/* End PBXSourcesBuildPhase section */

/* Begin PBXTargetDependency section */
		51D2B31E2DAFF83C00D3532C /* PBXTargetDependency */ = {
			isa = PBXTargetDependency;
			target = 51D2B30D2DAFF83900D3532C /* MZMZWidzetExtension */;
			targetProxy = 51D2B31D2DAFF83C00D3532C /* PBXContainerItemProxy */;
		};
/* End PBXTargetDependency section */

/* Begin PBXVariantGroup section */
		511F71C82D7C298500503E07 /* LaunchScreen.storyboard */ = {
			isa = PBXVariantGroup;
			children = (
				511F71C92D7C298500503E07 /* Base */,
			);
			name = LaunchScreen.storyboard;
			sourceTree = "<group>";
		};
/* End PBXVariantGroup section */

/* Begin XCBuildConfiguration section */
		511F71CC2D7C298500503E07 /* Debug */ = {
			isa = XCBuildConfiguration;
			buildSettings = {
				ALWAYS_SEARCH_USER_PATHS = NO;
				ASSETCATALOG_COMPILER_GENERATE_SWIFT_ASSET_SYMBOL_EXTENSIONS = YES;
				CLANG_ANALYZER_NONNULL = YES;
				CLANG_ANALYZER_NUMBER_OBJECT_CONVERSION = YES_AGGRESSIVE;
				CLANG_CXX_LANGUAGE_STANDARD = "gnu++20";
				CLANG_ENABLE_MODULES = YES;
				CLANG_ENABLE_OBJC_ARC = YES;
				CLANG_ENABLE_OBJC_WEAK = YES;
				CLANG_WARN_BLOCK_CAPTURE_AUTORELEASING = YES;
				CLANG_WARN_BOOL_CONVERSION = YES;
				CLANG_WARN_COMMA = YES;
				CLANG_WARN_CONSTANT_CONVERSION = YES;
				CLANG_WARN_DEPRECATED_OBJC_IMPLEMENTATIONS = YES;
				CLANG_WARN_DIRECT_OBJC_ISA_USAGE = YES_ERROR;
				CLANG_WARN_DOCUMENTATION_COMMENTS = YES;
				CLANG_WARN_EMPTY_BODY = YES;
				CLANG_WARN_ENUM_CONVERSION = YES;
				CLANG_WARN_INFINITE_RECURSION = YES;
				CLANG_WARN_INT_CONVERSION = YES;
				CLANG_WARN_NON_LITERAL_NULL_CONVERSION = YES;
				CLANG_WARN_OBJC_IMPLICIT_RETAIN_SELF = YES;
				CLANG_WARN_OBJC_LITERAL_CONVERSION = YES;
				CLANG_WARN_OBJC_ROOT_CLASS = YES_ERROR;
				CLANG_WARN_QUOTED_INCLUDE_IN_FRAMEWORK_HEADER = YES;
				CLANG_WARN_RANGE_LOOP_ANALYSIS = YES;
				CLANG_WARN_STRICT_PROTOTYPES = YES;
				CLANG_WARN_SUSPICIOUS_MOVE = YES;
				CLANG_WARN_UNGUARDED_AVAILABILITY = YES_AGGRESSIVE;
				CLANG_WARN_UNREACHABLE_CODE = YES;
				CLANG_WARN__DUPLICATE_METHOD_MATCH = YES;
				COPY_PHASE_STRIP = NO;
				DEBUG_INFORMATION_FORMAT = dwarf;
				ENABLE_STRICT_OBJC_MSGSEND = YES;
				ENABLE_TESTABILITY = YES;
				ENABLE_USER_SCRIPT_SANDBOXING = YES;
				GCC_C_LANGUAGE_STANDARD = gnu17;
				GCC_DYNAMIC_NO_PIC = NO;
				GCC_NO_COMMON_BLOCKS = YES;
				GCC_OPTIMIZATION_LEVEL = 0;
				GCC_PREPROCESSOR_DEFINITIONS = (
					"DEBUG=1",
					"$(inherited)",
				);
				GCC_WARN_64_TO_32_BIT_CONVERSION = YES;
				GCC_WARN_ABOUT_RETURN_TYPE = YES_ERROR;
				GCC_WARN_UNDECLARED_SELECTOR = YES;
				GCC_WARN_UNINITIALIZED_AUTOS = YES_AGGRESSIVE;
				GCC_WARN_UNUSED_FUNCTION = YES;
				GCC_WARN_UNUSED_VARIABLE = YES;
				IPHONEOS_DEPLOYMENT_TARGET = 17.2;
				LOCALIZATION_PREFERS_STRING_CATALOGS = YES;
				MTL_ENABLE_DEBUG_INFO = INCLUDE_SOURCE;
				MTL_FAST_MATH = YES;
				ONLY_ACTIVE_ARCH = YES;
				SDKROOT = iphoneos;
				SWIFT_ACTIVE_COMPILATION_CONDITIONS = "DEBUG $(inherited)";
				SWIFT_OPTIMIZATION_LEVEL = "-Onone";
			};
			name = Debug;
		};
		511F71CD2D7C298500503E07 /* Release */ = {
			isa = XCBuildConfiguration;
			buildSettings = {
				ALWAYS_SEARCH_USER_PATHS = NO;
				ASSETCATALOG_COMPILER_GENERATE_SWIFT_ASSET_SYMBOL_EXTENSIONS = YES;
				CLANG_ANALYZER_NONNULL = YES;
				CLANG_ANALYZER_NUMBER_OBJECT_CONVERSION = YES_AGGRESSIVE;
				CLANG_CXX_LANGUAGE_STANDARD = "gnu++20";
				CLANG_ENABLE_MODULES = YES;
				CLANG_ENABLE_OBJC_ARC = YES;
				CLANG_ENABLE_OBJC_WEAK = YES;
				CLANG_WARN_BLOCK_CAPTURE_AUTORELEASING = YES;
				CLANG_WARN_BOOL_CONVERSION = YES;
				CLANG_WARN_COMMA = YES;
				CLANG_WARN_CONSTANT_CONVERSION = YES;
				CLANG_WARN_DEPRECATED_OBJC_IMPLEMENTATIONS = YES;
				CLANG_WARN_DIRECT_OBJC_ISA_USAGE = YES_ERROR;
				CLANG_WARN_DOCUMENTATION_COMMENTS = YES;
				CLANG_WARN_EMPTY_BODY = YES;
				CLANG_WARN_ENUM_CONVERSION = YES;
				CLANG_WARN_INFINITE_RECURSION = YES;
				CLANG_WARN_INT_CONVERSION = YES;
				CLANG_WARN_NON_LITERAL_NULL_CONVERSION = YES;
				CLANG_WARN_OBJC_IMPLICIT_RETAIN_SELF = YES;
				CLANG_WARN_OBJC_LITERAL_CONVERSION = YES;
				CLANG_WARN_OBJC_ROOT_CLASS = YES_ERROR;
				CLANG_WARN_QUOTED_INCLUDE_IN_FRAMEWORK_HEADER = YES;
				CLANG_WARN_RANGE_LOOP_ANALYSIS = YES;
				CLANG_WARN_STRICT_PROTOTYPES = YES;
				CLANG_WARN_SUSPICIOUS_MOVE = YES;
				CLANG_WARN_UNGUARDED_AVAILABILITY = YES_AGGRESSIVE;
				CLANG_WARN_UNREACHABLE_CODE = YES;
				CLANG_WARN__DUPLICATE_METHOD_MATCH = YES;
				COPY_PHASE_STRIP = NO;
				DEBUG_INFORMATION_FORMAT = "dwarf-with-dsym";
				ENABLE_NS_ASSERTIONS = NO;
				ENABLE_STRICT_OBJC_MSGSEND = YES;
				ENABLE_USER_SCRIPT_SANDBOXING = YES;
				GCC_C_LANGUAGE_STANDARD = gnu17;
				GCC_NO_COMMON_BLOCKS = YES;
				GCC_WARN_64_TO_32_BIT_CONVERSION = YES;
				GCC_WARN_ABOUT_RETURN_TYPE = YES_ERROR;
				GCC_WARN_UNDECLARED_SELECTOR = YES;
				GCC_WARN_UNINITIALIZED_AUTOS = YES_AGGRESSIVE;
				GCC_WARN_UNUSED_FUNCTION = YES;
				GCC_WARN_UNUSED_VARIABLE = YES;
				IPHONEOS_DEPLOYMENT_TARGET = 17.2;
				LOCALIZATION_PREFERS_STRING_CATALOGS = YES;
				MTL_ENABLE_DEBUG_INFO = NO;
				MTL_FAST_MATH = YES;
				SDKROOT = iphoneos;
				SWIFT_COMPILATION_MODE = wholemodule;
				VALIDATE_PRODUCT = YES;
			};
			name = Release;
		};
		511F71CF2D7C298500503E07 /* Debug */ = {
			isa = XCBuildConfiguration;
			buildSettings = {
				ALWAYS_EMBED_SWIFT_STANDARD_LIBRARIES = YES;
				ASSETCATALOG_COMPILER_APPICON_NAME = AppIcon;
				ASSETCATALOG_COMPILER_GLOBAL_ACCENT_COLOR_NAME = AccentColor;
				CODE_SIGN_ENTITLEMENTS = MZMZ/MZMZ.entitlements;
				CODE_SIGN_IDENTITY = "Apple Development";
				CODE_SIGN_STYLE = Automatic;
				CURRENT_PROJECT_VERSION = 1;
				DEVELOPMENT_TEAM = KPUSDZ4348;
				GENERATE_INFOPLIST_FILE = YES;
				INFOPLIST_FILE = MZMZ/Info.plist;
				INFOPLIST_KEY_UIApplicationSupportsIndirectInputEvents = YES;
				INFOPLIST_KEY_UILaunchStoryboardName = LaunchScreen;
				INFOPLIST_KEY_UISupportedInterfaceOrientations_iPad = "UIInterfaceOrientationPortrait UIInterfaceOrientationPortraitUpsideDown UIInterfaceOrientationLandscapeLeft UIInterfaceOrientationLandscapeRight";
				INFOPLIST_KEY_UISupportedInterfaceOrientations_iPhone = "UIInterfaceOrientationPortrait UIInterfaceOrientationLandscapeLeft UIInterfaceOrientationLandscapeRight";
				LD_RUNPATH_SEARCH_PATHS = (
					"$(inherited)",
					"@executable_path/Frameworks",
				);
				MARKETING_VERSION = 1.0;
				PRODUCT_BUNDLE_IDENTIFIER = Junyoung.MZMZ;
				PRODUCT_NAME = "$(TARGET_NAME)";
				PROVISIONING_PROFILE_SPECIFIER = "";
				SWIFT_EMIT_LOC_STRINGS = YES;
				SWIFT_VERSION = 5.0;
				TARGETED_DEVICE_FAMILY = "1,2";
			};
			name = Debug;
		};
		511F71D02D7C298500503E07 /* Release */ = {
			isa = XCBuildConfiguration;
			buildSettings = {
				ALWAYS_EMBED_SWIFT_STANDARD_LIBRARIES = YES;
				ASSETCATALOG_COMPILER_APPICON_NAME = AppIcon;
				ASSETCATALOG_COMPILER_GLOBAL_ACCENT_COLOR_NAME = AccentColor;
				CODE_SIGN_ENTITLEMENTS = MZMZ/MZMZ.entitlements;
				CODE_SIGN_IDENTITY = "Apple Development";
				CODE_SIGN_STYLE = Automatic;
				CURRENT_PROJECT_VERSION = 1;
				DEVELOPMENT_TEAM = KPUSDZ4348;
				GENERATE_INFOPLIST_FILE = YES;
				INFOPLIST_FILE = MZMZ/Info.plist;
				INFOPLIST_KEY_UIApplicationSupportsIndirectInputEvents = YES;
				INFOPLIST_KEY_UILaunchStoryboardName = LaunchScreen;
				INFOPLIST_KEY_UISupportedInterfaceOrientations_iPad = "UIInterfaceOrientationPortrait UIInterfaceOrientationPortraitUpsideDown UIInterfaceOrientationLandscapeLeft UIInterfaceOrientationLandscapeRight";
				INFOPLIST_KEY_UISupportedInterfaceOrientations_iPhone = "UIInterfaceOrientationPortrait UIInterfaceOrientationLandscapeLeft UIInterfaceOrientationLandscapeRight";
				LD_RUNPATH_SEARCH_PATHS = (
					"$(inherited)",
					"@executable_path/Frameworks",
				);
				MARKETING_VERSION = 1.0;
				PRODUCT_BUNDLE_IDENTIFIER = Junyoung.MZMZ;
				PRODUCT_NAME = "$(TARGET_NAME)";
				PROVISIONING_PROFILE_SPECIFIER = "";
				SWIFT_EMIT_LOC_STRINGS = YES;
				SWIFT_VERSION = 5.0;
				TARGETED_DEVICE_FAMILY = "1,2";
			};
			name = Release;
		};
		51D2B3212DAFF83C00D3532C /* Debug */ = {
			isa = XCBuildConfiguration;
			buildSettings = {
				ASSETCATALOG_COMPILER_GLOBAL_ACCENT_COLOR_NAME = AccentColor;
				ASSETCATALOG_COMPILER_WIDGET_BACKGROUND_COLOR_NAME = WidgetBackground;
				CODE_SIGN_ENTITLEMENTS = MZMZWidzetExtension.entitlements;
				CODE_SIGN_IDENTITY = "Apple Development";
				CODE_SIGN_STYLE = Automatic;
				CURRENT_PROJECT_VERSION = 1;
				DEVELOPMENT_TEAM = KPUSDZ4348;
				GENERATE_INFOPLIST_FILE = YES;
				INFOPLIST_FILE = MZMZWidzet/Info.plist;
				INFOPLIST_KEY_CFBundleDisplayName = MZMZWidzet;
				INFOPLIST_KEY_NSHumanReadableCopyright = "";
				LD_RUNPATH_SEARCH_PATHS = (
					"$(inherited)",
					"@executable_path/Frameworks",
					"@executable_path/../../Frameworks",
				);
				MARKETING_VERSION = 1.0;
				PRODUCT_BUNDLE_IDENTIFIER = Junyoung.MZMZ.MZMZWidzet;
				PRODUCT_NAME = "$(TARGET_NAME)";
				PROVISIONING_PROFILE_SPECIFIER = "";
				SKIP_INSTALL = YES;
				SWIFT_EMIT_LOC_STRINGS = YES;
				SWIFT_VERSION = 5.0;
				TARGETED_DEVICE_FAMILY = "1,2";
			};
			name = Debug;
		};
		51D2B3222DAFF83C00D3532C /* Release */ = {
			isa = XCBuildConfiguration;
			buildSettings = {
				ASSETCATALOG_COMPILER_GLOBAL_ACCENT_COLOR_NAME = AccentColor;
				ASSETCATALOG_COMPILER_WIDGET_BACKGROUND_COLOR_NAME = WidgetBackground;
				CODE_SIGN_ENTITLEMENTS = MZMZWidzetExtension.entitlements;
				CODE_SIGN_IDENTITY = "Apple Development";
				CODE_SIGN_STYLE = Automatic;
				CURRENT_PROJECT_VERSION = 1;
				DEVELOPMENT_TEAM = KPUSDZ4348;
				GENERATE_INFOPLIST_FILE = YES;
				INFOPLIST_FILE = MZMZWidzet/Info.plist;
				INFOPLIST_KEY_CFBundleDisplayName = MZMZWidzet;
				INFOPLIST_KEY_NSHumanReadableCopyright = "";
				LD_RUNPATH_SEARCH_PATHS = (
					"$(inherited)",
					"@executable_path/Frameworks",
					"@executable_path/../../Frameworks",
				);
				MARKETING_VERSION = 1.0;
				PRODUCT_BUNDLE_IDENTIFIER = Junyoung.MZMZ.MZMZWidzet;
				PRODUCT_NAME = "$(TARGET_NAME)";
				PROVISIONING_PROFILE_SPECIFIER = "";
				SKIP_INSTALL = YES;
				SWIFT_EMIT_LOC_STRINGS = YES;
				SWIFT_VERSION = 5.0;
				TARGETED_DEVICE_FAMILY = "1,2";
			};
			name = Release;
		};
/* End XCBuildConfiguration section */

/* Begin XCConfigurationList section */
		511F71B52D7C298000503E07 /* Build configuration list for PBXProject "MZMZ" */ = {
			isa = XCConfigurationList;
			buildConfigurations = (
				511F71CC2D7C298500503E07 /* Debug */,
				511F71CD2D7C298500503E07 /* Release */,
			);
			defaultConfigurationIsVisible = 0;
			defaultConfigurationName = Release;
		};
		511F71CE2D7C298500503E07 /* Build configuration list for PBXNativeTarget "MZMZ" */ = {
			isa = XCConfigurationList;
			buildConfigurations = (
				511F71CF2D7C298500503E07 /* Debug */,
				511F71D02D7C298500503E07 /* Release */,
			);
			defaultConfigurationIsVisible = 0;
			defaultConfigurationName = Release;
		};
		51D2B3232DAFF83C00D3532C /* Build configuration list for PBXNativeTarget "MZMZWidzetExtension" */ = {
			isa = XCConfigurationList;
			buildConfigurations = (
				51D2B3212DAFF83C00D3532C /* Debug */,
				51D2B3222DAFF83C00D3532C /* Release */,
			);
			defaultConfigurationIsVisible = 0;
			defaultConfigurationName = Release;
		};
/* End XCConfigurationList section */
	};
	rootObject = 511F71B22D7C298000503E07 /* Project object */;
}
